// !$*UTF8*$!
{
	archiveVersion = 1;
	classes = {
	};
	objectVersion = 56;
	objects = {

/* Begin PBXBuildFile section */
		2D569DF12CDC8BE600ED8025 /* RPSApp.swift in Sources */ = {isa = PBXBuildFile; fileRef = 2D569DF02CDC8BE600ED8025 /* RPSApp.swift */; };
		2D569DF32CDC8BE600ED8025 /* ContentView.swift in Sources */ = {isa = PBXBuildFile; fileRef = 2D569DF22CDC8BE600ED8025 /* ContentView.swift */; };
		2D569DF52CDC8BE900ED8025 /* Assets.xcassets in Resources */ = {isa = PBXBuildFile; fileRef = 2D569DF42CDC8BE900ED8025 /* Assets.xcassets */; };
		2D569DF82CDC8BE900ED8025 /* Preview Assets.xcassets in Resources */ = {isa = PBXBuildFile; fileRef = 2D569DF72CDC8BE900ED8025 /* Preview Assets.xcassets */; };
		2D569E022CDC8BE900ED8025 /* RPSTests.swift in Sources */ = {isa = PBXBuildFile; fileRef = 2D569E012CDC8BE900ED8025 /* RPSTests.swift */; };
		2D569E0C2CDC8BE900ED8025 /* RPSUITests.swift in Sources */ = {isa = PBXBuildFile; fileRef = 2D569E0B2CDC8BE900ED8025 /* RPSUITests.swift */; };
		2D569E0E2CDC8BE900ED8025 /* RPSUITestsLaunchTests.swift in Sources */ = {isa = PBXBuildFile; fileRef = 2D569E0D2CDC8BE900ED8025 /* RPSUITestsLaunchTests.swift */; };
/* End PBXBuildFile section */

/* Begin PBXContainerItemProxy section */
		2D569DFE2CDC8BE900ED8025 /* PBXContainerItemProxy */ = {
			isa = PBXContainerItemProxy;
			containerPortal = 2D569DE52CDC8BE600ED8025 /* Project object */;
			proxyType = 1;
			remoteGlobalIDString = 2D569DEC2CDC8BE600ED8025;
			remoteInfo = RPS;
		};
		2D569E082CDC8BE900ED8025 /* PBXContainerItemProxy */ = {
			isa = PBXContainerItemProxy;
			containerPortal = 2D569DE52CDC8BE600ED8025 /* Project object */;
			proxyType = 1;
			remoteGlobalIDString = 2D569DEC2CDC8BE600ED8025;
			remoteInfo = RPS;
		};
/* End PBXContainerItemProxy section */

/* Begin PBXFileReference section */
		2D569DED2CDC8BE600ED8025 /* RPS.app */ = {isa = PBXFileReference; explicitFileType = wrapper.application; includeInIndex = 0; path = RPS.app; sourceTree = BUILT_PRODUCTS_DIR; };
		2D569DF02CDC8BE600ED8025 /* RPSApp.swift */ = {isa = PBXFileReference; lastKnownFileType = sourcecode.swift; path = RPSApp.swift; sourceTree = "<group>"; };
		2D569DF22CDC8BE600ED8025 /* ContentView.swift */ = {isa = PBXFileReference; lastKnownFileType = sourcecode.swift; path = ContentView.swift; sourceTree = "<group>"; };
		2D569DF42CDC8BE900ED8025 /* Assets.xcassets */ = {isa = PBXFileReference; lastKnownFileType = folder.assetcatalog; path = Assets.xcassets; sourceTree = "<group>"; };
		2D569DF72CDC8BE900ED8025 /* Preview Assets.xcassets */ = {isa = PBXFileReference; lastKnownFileType = folder.assetcatalog; path = "Preview Assets.xcassets"; sourceTree = "<group>"; };
		2D569DFD2CDC8BE900ED8025 /* RPSTests.xctest */ = {isa = PBXFileReference; explicitFileType = wrapper.cfbundle; includeInIndex = 0; path = RPSTests.xctest; sourceTree = BUILT_PRODUCTS_DIR; };
		2D569E012CDC8BE900ED8025 /* RPSTests.swift */ = {isa = PBXFileReference; lastKnownFileType = sourcecode.swift; path = RPSTests.swift; sourceTree = "<group>"; };
		2D569E072CDC8BE900ED8025 /* RPSUITests.xctest */ = {isa = PBXFileReference; explicitFileType = wrapper.cfbundle; includeInIndex = 0; path = RPSUITests.xctest; sourceTree = BUILT_PRODUCTS_DIR; };
		2D569E0B2CDC8BE900ED8025 /* RPSUITests.swift */ = {isa = PBXFileReference; lastKnownFileType = sourcecode.swift; path = RPSUITests.swift; sourceTree = "<group>"; };
		2D569E0D2CDC8BE900ED8025 /* RPSUITestsLaunchTests.swift */ = {isa = PBXFileReference; lastKnownFileType = sourcecode.swift; path = RPSUITestsLaunchTests.swift; sourceTree = "<group>"; };
/* End PBXFileReference section */

/* Begin PBXFrameworksBuildPhase section */
		2D569DEA2CDC8BE600ED8025 /* Frameworks */ = {
			isa = PBXFrameworksBuildPhase;
			buildActionMask = 2147483647;
			files = (
			);
			runOnlyForDeploymentPostprocessing = 0;
		};
		2D569DFA2CDC8BE900ED8025 /* Frameworks */ = {
			isa = PBXFrameworksBuildPhase;
			buildActionMask = 2147483647;
			files = (
			);
			runOnlyForDeploymentPostprocessing = 0;
		};
		2D569E042CDC8BE900ED8025 /* Frameworks */ = {
			isa = PBXFrameworksBuildPhase;
			buildActionMask = 2147483647;
			files = (
			);
			runOnlyForDeploymentPostprocessing = 0;
		};
/* End PBXFrameworksBuildPhase section */

/* Begin PBXGroup section */
		2D569DE42CDC8BE600ED8025 = {
			isa = PBXGroup;
			children = (
				2D569DEF2CDC8BE600ED8025 /* RPS */,
				2D569E002CDC8BE900ED8025 /* RPSTests */,
				2D569E0A2CDC8BE900ED8025 /* RPSUITests */,
				2D569DEE2CDC8BE600ED8025 /* Products */,
			);
			sourceTree = "<group>";
		};
		2D569DEE2CDC8BE600ED8025 /* Products */ = {
			isa = PBXGroup;
			children = (
				2D569DED2CDC8BE600ED8025 /* RPS.app */,
				2D569DFD2CDC8BE900ED8025 /* RPSTests.xctest */,
				2D569E072CDC8BE900ED8025 /* RPSUITests.xctest */,
			);
			name = Products;
			sourceTree = "<group>";
		};
		2D569DEF2CDC8BE600ED8025 /* RPS */ = {
			isa = PBXGroup;
			children = (
				2D569DF02CDC8BE600ED8025 /* RPSApp.swift */,
				2D569DF22CDC8BE600ED8025 /* ContentView.swift */,
				2D569DF42CDC8BE900ED8025 /* Assets.xcassets */,
				2D569DF62CDC8BE900ED8025 /* Preview Content */,
			);
			path = RPS;
			sourceTree = "<group>";
		};
		2D569DF62CDC8BE900ED8025 /* Preview Content */ = {
			isa = PBXGroup;
			children = (
				2D569DF72CDC8BE900ED8025 /* Preview Assets.xcassets */,
			);
			path = "Preview Content";
			sourceTree = "<group>";
		};
		2D569E002CDC8BE900ED8025 /* RPSTests */ = {
			isa = PBXGroup;
			children = (
				2D569E012CDC8BE900ED8025 /* RPSTests.swift */,
			);
			path = RPSTests;
			sourceTree = "<group>";
		};
		2D569E0A2CDC8BE900ED8025 /* RPSUITests */ = {
			isa = PBXGroup;
			children = (
				2D569E0B2CDC8BE900ED8025 /* RPSUITests.swift */,
				2D569E0D2CDC8BE900ED8025 /* RPSUITestsLaunchTests.swift */,
			);
			path = RPSUITests;
			sourceTree = "<group>";
		};
/* End PBXGroup section */

/* Begin PBXNativeTarget section */
		2D569DEC2CDC8BE600ED8025 /* RPS */ = {
			isa = PBXNativeTarget;
			buildConfigurationList = 2D569E112CDC8BE900ED8025 /* Build configuration list for PBXNativeTarget "RPS" */;
			buildPhases = (
				2D569DE92CDC8BE600ED8025 /* Sources */,
				2D569DEA2CDC8BE600ED8025 /* Frameworks */,
				2D569DEB2CDC8BE600ED8025 /* Resources */,
			);
			buildRules = (
			);
			dependencies = (
			);
			name = RPS;
			productName = RPS;
			productReference = 2D569DED2CDC8BE600ED8025 /* RPS.app */;
			productType = "com.apple.product-type.application";
		};
		2D569DFC2CDC8BE900ED8025 /* RPSTests */ = {
			isa = PBXNativeTarget;
			buildConfigurationList = 2D569E142CDC8BE900ED8025 /* Build configuration list for PBXNativeTarget "RPSTests" */;
			buildPhases = (
				2D569DF92CDC8BE900ED8025 /* Sources */,
				2D569DFA2CDC8BE900ED8025 /* Frameworks */,
				2D569DFB2CDC8BE900ED8025 /* Resources */,
			);
			buildRules = (
			);
			dependencies = (
				2D569DFF2CDC8BE900ED8025 /* PBXTargetDependency */,
			);
			name = RPSTests;
			productName = RPSTests;
			productReference = 2D569DFD2CDC8BE900ED8025 /* RPSTests.xctest */;
			productType = "com.apple.product-type.bundle.unit-test";
		};
		2D569E062CDC8BE900ED8025 /* RPSUITests */ = {
			isa = PBXNativeTarget;
			buildConfigurationList = 2D569E172CDC8BE900ED8025 /* Build configuration list for PBXNativeTarget "RPSUITests" */;
			buildPhases = (
				2D569E032CDC8BE900ED8025 /* Sources */,
				2D569E042CDC8BE900ED8025 /* Frameworks */,
				2D569E052CDC8BE900ED8025 /* Resources */,
			);
			buildRules = (
			);
			dependencies = (
				2D569E092CDC8BE900ED8025 /* PBXTargetDependency */,
			);
			name = RPSUITests;
			productName = RPSUITests;
			productReference = 2D569E072CDC8BE900ED8025 /* RPSUITests.xctest */;
			productType = "com.apple.product-type.bundle.ui-testing";
		};
/* End PBXNativeTarget section */

/* Begin PBXProject section */
		2D569DE52CDC8BE600ED8025 /* Project object */ = {
			isa = PBXProject;
			attributes = {
				BuildIndependentTargetsInParallel = 1;
				LastSwiftUpdateCheck = 1520;
				LastUpgradeCheck = 1520;
				TargetAttributes = {
					2D569DEC2CDC8BE600ED8025 = {
						CreatedOnToolsVersion = 15.2;
					};
					2D569DFC2CDC8BE900ED8025 = {
						CreatedOnToolsVersion = 15.2;
						TestTargetID = 2D569DEC2CDC8BE600ED8025;
					};
					2D569E062CDC8BE900ED8025 = {
						CreatedOnToolsVersion = 15.2;
						TestTargetID = 2D569DEC2CDC8BE600ED8025;
					};
				};
			};
			buildConfigurationList = 2D569DE82CDC8BE600ED8025 /* Build configuration list for PBXProject "RPS" */;
			compatibilityVersion = "Xcode 14.0";
			developmentRegion = en;
			hasScannedForEncodings = 0;
			knownRegions = (
				en,
				Base,
			);
			mainGroup = 2D569DE42CDC8BE600ED8025;
			productRefGroup = 2D569DEE2CDC8BE600ED8025 /* Products */;
			projectDirPath = "";
			projectRoot = "";
			targets = (
				2D569DEC2CDC8BE600ED8025 /* RPS */,
				2D569DFC2CDC8BE900ED8025 /* RPSTests */,
				2D569E062CDC8BE900ED8025 /* RPSUITests */,
			);
		};
/* End PBXProject section */

/* Begin PBXResourcesBuildPhase section */
		2D569DEB2CDC8BE600ED8025 /* Resources */ = {
			isa = PBXResourcesBuildPhase;
			buildActionMask = 2147483647;
			files = (
				2D569DF82CDC8BE900ED8025 /* Preview Assets.xcassets in Resources */,
				2D569DF52CDC8BE900ED8025 /* Assets.xcassets in Resources */,
			);
			runOnlyForDeploymentPostprocessing = 0;
		};
		2D569DFB2CDC8BE900ED8025 /* Resources */ = {
			isa = PBXResourcesBuildPhase;
			buildActionMask = 2147483647;
			files = (
			);
			runOnlyForDeploymentPostprocessing = 0;
		};
		2D569E052CDC8BE900ED8025 /* Resources */ = {
			isa = PBXResourcesBuildPhase;
			buildActionMask = 2147483647;
			files = (
			);
			runOnlyForDeploymentPostprocessing = 0;
		};
/* End PBXResourcesBuildPhase section */

/* Begin PBXSourcesBuildPhase section */
		2D569DE92CDC8BE600ED8025 /* Sources */ = {
			isa = PBXSourcesBuildPhase;
			buildActionMask = 2147483647;
			files = (
				2D569DF32CDC8BE600ED8025 /* ContentView.swift in Sources */,
				2D569DF12CDC8BE600ED8025 /* RPSApp.swift in Sources */,
			);
			runOnlyForDeploymentPostprocessing = 0;
		};
		2D569DF92CDC8BE900ED8025 /* Sources */ = {
			isa = PBXSourcesBuildPhase;
			buildActionMask = 2147483647;
			files = (
				2D569E022CDC8BE900ED8025 /* RPSTests.swift in Sources */,
			);
			runOnlyForDeploymentPostprocessing = 0;
		};
		2D569E032CDC8BE900ED8025 /* Sources */ = {
			isa = PBXSourcesBuildPhase;
			buildActionMask = 2147483647;
			files = (
				2D569E0E2CDC8BE900ED8025 /* RPSUITestsLaunchTests.swift in Sources */,
				2D569E0C2CDC8BE900ED8025 /* RPSUITests.swift in Sources */,
			);
			runOnlyForDeploymentPostprocessing = 0;
		};
/* End PBXSourcesBuildPhase section */

/* Begin PBXTargetDependency section */
		2D569DFF2CDC8BE900ED8025 /* PBXTargetDependency */ = {
			isa = PBXTargetDependency;
			target = 2D569DEC2CDC8BE600ED8025 /* RPS */;
			targetProxy = 2D569DFE2CDC8BE900ED8025 /* PBXContainerItemProxy */;
		};
		2D569E092CDC8BE900ED8025 /* PBXTargetDependency */ = {
			isa = PBXTargetDependency;
			target = 2D569DEC2CDC8BE600ED8025 /* RPS */;
			targetProxy = 2D569E082CDC8BE900ED8025 /* PBXContainerItemProxy */;
		};
/* End PBXTargetDependency section */

/* Begin XCBuildConfiguration section */
		2D569E0F2CDC8BE900ED8025 /* Debug */ = {
			isa = XCBuildConfiguration;
			buildSettings = {
				ALWAYS_SEARCH_USER_PATHS = NO;
				ASSETCATALOG_COMPILER_GENERATE_SWIFT_ASSET_SYMBOL_EXTENSIONS = YES;
				CLANG_ANALYZER_NONNULL = YES;
				CLANG_ANALYZER_NUMBER_OBJECT_CONVERSION = YES_AGGRESSIVE;
				CLANG_CXX_LANGUAGE_STANDARD = "gnu++20";
				CLANG_ENABLE_MODULES = YES;
				CLANG_ENABLE_OBJC_ARC = YES;
				CLANG_ENABLE_OBJC_WEAK = YES;
				CLANG_WARN_BLOCK_CAPTURE_AUTORELEASING = YES;
				CLANG_WARN_BOOL_CONVERSION = YES;
				CLANG_WARN_COMMA = YES;
				CLANG_WARN_CONSTANT_CONVERSION = YES;
				CLANG_WARN_DEPRECATED_OBJC_IMPLEMENTATIONS = YES;
				CLANG_WARN_DIRECT_OBJC_ISA_USAGE = YES_ERROR;
				CLANG_WARN_DOCUMENTATION_COMMENTS = YES;
				CLANG_WARN_EMPTY_BODY = YES;
				CLANG_WARN_ENUM_CONVERSION = YES;
				CLANG_WARN_INFINITE_RECURSION = YES;
				CLANG_WARN_INT_CONVERSION = YES;
				CLANG_WARN_NON_LITERAL_NULL_CONVERSION = YES;
				CLANG_WARN_OBJC_IMPLICIT_RETAIN_SELF = YES;
				CLANG_WARN_OBJC_LITERAL_CONVERSION = YES;
				CLANG_WARN_OBJC_ROOT_CLASS = YES_ERROR;
				CLANG_WARN_QUOTED_INCLUDE_IN_FRAMEWORK_HEADER = YES;
				CLANG_WARN_RANGE_LOOP_ANALYSIS = YES;
				CLANG_WARN_STRICT_PROTOTYPES = YES;
				CLANG_WARN_SUSPICIOUS_MOVE = YES;
				CLANG_WARN_UNGUARDED_AVAILABILITY = YES_AGGRESSIVE;
				CLANG_WARN_UNREACHABLE_CODE = YES;
				CLANG_WARN__DUPLICATE_METHOD_MATCH = YES;
				COPY_PHASE_STRIP = NO;
				DEBUG_INFORMATION_FORMAT = dwarf;
				ENABLE_STRICT_OBJC_MSGSEND = YES;
				ENABLE_TESTABILITY = YES;
				ENABLE_USER_SCRIPT_SANDBOXING = YES;
				GCC_C_LANGUAGE_STANDARD = gnu17;
				GCC_DYNAMIC_NO_PIC = NO;
				GCC_NO_COMMON_BLOCKS = YES;
				GCC_OPTIMIZATION_LEVEL = 0;
				GCC_PREPROCESSOR_DEFINITIONS = (
					"DEBUG=1",
					"$(inherited)",
				);
				GCC_WARN_64_TO_32_BIT_CONVERSION = YES;
				GCC_WARN_ABOUT_RETURN_TYPE = YES_ERROR;
				GCC_WARN_UNDECLARED_SELECTOR = YES;
				GCC_WARN_UNINITIALIZED_AUTOS = YES_AGGRESSIVE;
				GCC_WARN_UNUSED_FUNCTION = YES;
				GCC_WARN_UNUSED_VARIABLE = YES;
				IPHONEOS_DEPLOYMENT_TARGET = 17.2;
				LOCALIZATION_PREFERS_STRING_CATALOGS = YES;
				MTL_ENABLE_DEBUG_INFO = INCLUDE_SOURCE;
				MTL_FAST_MATH = YES;
				ONLY_ACTIVE_ARCH = YES;
				SDKROOT = iphoneos;
				SWIFT_ACTIVE_COMPILATION_CONDITIONS = "DEBUG $(inherited)";
				SWIFT_OPTIMIZATION_LEVEL = "-Onone";
			};
			name = Debug;
		};
		2D569E102CDC8BE900ED8025 /* Release */ = {
			isa = XCBuildConfiguration;
			buildSettings = {
				ALWAYS_SEARCH_USER_PATHS = NO;
				ASSETCATALOG_COMPILER_GENERATE_SWIFT_ASSET_SYMBOL_EXTENSIONS = YES;
				CLANG_ANALYZER_NONNULL = YES;
				CLANG_ANALYZER_NUMBER_OBJECT_CONVERSION = YES_AGGRESSIVE;
				CLANG_CXX_LANGUAGE_STANDARD = "gnu++20";
				CLANG_ENABLE_MODULES = YES;
				CLANG_ENABLE_OBJC_ARC = YES;
				CLANG_ENABLE_OBJC_WEAK = YES;
				CLANG_WARN_BLOCK_CAPTURE_AUTORELEASING = YES;
				CLANG_WARN_BOOL_CONVERSION = YES;
				CLANG_WARN_COMMA = YES;
				CLANG_WARN_CONSTANT_CONVERSION = YES;
				CLANG_WARN_DEPRECATED_OBJC_IMPLEMENTATIONS = YES;
				CLANG_WARN_DIRECT_OBJC_ISA_USAGE = YES_ERROR;
				CLANG_WARN_DOCUMENTATION_COMMENTS = YES;
				CLANG_WARN_EMPTY_BODY = YES;
				CLANG_WARN_ENUM_CONVERSION = YES;
				CLANG_WARN_INFINITE_RECURSION = YES;
				CLANG_WARN_INT_CONVERSION = YES;
				CLANG_WARN_NON_LITERAL_NULL_CONVERSION = YES;
				CLANG_WARN_OBJC_IMPLICIT_RETAIN_SELF = YES;
				CLANG_WARN_OBJC_LITERAL_CONVERSION = YES;
				CLANG_WARN_OBJC_ROOT_CLASS = YES_ERROR;
				CLANG_WARN_QUOTED_INCLUDE_IN_FRAMEWORK_HEADER = YES;
				CLANG_WARN_RANGE_LOOP_ANALYSIS = YES;
				CLANG_WARN_STRICT_PROTOTYPES = YES;
				CLANG_WARN_SUSPICIOUS_MOVE = YES;
				CLANG_WARN_UNGUARDED_AVAILABILITY = YES_AGGRESSIVE;
				CLANG_WARN_UNREACHABLE_CODE = YES;
				CLANG_WARN__DUPLICATE_METHOD_MATCH = YES;
				COPY_PHASE_STRIP = NO;
				DEBUG_INFORMATION_FORMAT = "dwarf-with-dsym";
				ENABLE_NS_ASSERTIONS = NO;
				ENABLE_STRICT_OBJC_MSGSEND = YES;
				ENABLE_USER_SCRIPT_SANDBOXING = YES;
				GCC_C_LANGUAGE_STANDARD = gnu17;
				GCC_NO_COMMON_BLOCKS = YES;
				GCC_WARN_64_TO_32_BIT_CONVERSION = YES;
				GCC_WARN_ABOUT_RETURN_TYPE = YES_ERROR;
				GCC_WARN_UNDECLARED_SELECTOR = YES;
				GCC_WARN_UNINITIALIZED_AUTOS = YES_AGGRESSIVE;
				GCC_WARN_UNUSED_FUNCTION = YES;
				GCC_WARN_UNUSED_VARIABLE = YES;
				IPHONEOS_DEPLOYMENT_TARGET = 17.2;
				LOCALIZATION_PREFERS_STRING_CATALOGS = YES;
				MTL_ENABLE_DEBUG_INFO = NO;
				MTL_FAST_MATH = YES;
				SDKROOT = iphoneos;
				SWIFT_COMPILATION_MODE = wholemodule;
				VALIDATE_PRODUCT = YES;
			};
			name = Release;
		};
		2D569E122CDC8BE900ED8025 /* Debug */ = {
			isa = XCBuildConfiguration;
			buildSettings = {
				ASSETCATALOG_COMPILER_APPICON_NAME = AppIcon;
				ASSETCATALOG_COMPILER_GLOBAL_ACCENT_COLOR_NAME = AccentColor;
				CODE_SIGN_STYLE = Automatic;
				CURRENT_PROJECT_VERSION = 1;
				DEVELOPMENT_ASSET_PATHS = "\"RPS/Preview Content\"";
				ENABLE_PREVIEWS = YES;
				GENERATE_INFOPLIST_FILE = YES;
				INFOPLIST_KEY_UIApplicationSceneManifest_Generation = YES;
				INFOPLIST_KEY_UIApplicationSupportsIndirectInputEvents = YES;
				INFOPLIST_KEY_UILaunchScreen_Generation = YES;
				INFOPLIST_KEY_UISupportedInterfaceOrientations_iPad = "UIInterfaceOrientationPortrait UIInterfaceOrientationPortraitUpsideDown UIInterfaceOrientationLandscapeLeft UIInterfaceOrientationLandscapeRight";
				INFOPLIST_KEY_UISupportedInterfaceOrientations_iPhone = "UIInterfaceOrientationPortrait UIInterfaceOrientationLandscapeLeft UIInterfaceOrientationLandscapeRight";
				LD_RUNPATH_SEARCH_PATHS = (
					"$(inherited)",
					"@executable_path/Frameworks",
				);
				MARKETING_VERSION = 1.0;
				PRODUCT_BUNDLE_IDENTIFIER = com.h.RPS;
				PRODUCT_NAME = "$(TARGET_NAME)";
				SWIFT_EMIT_LOC_STRINGS = YES;
				SWIFT_VERSION = 5.0;
				TARGETED_DEVICE_FAMILY = "1,2";
			};
			name = Debug;
		};
		2D569E132CDC8BE900ED8025 /* Release */ = {
			isa = XCBuildConfiguration;
			buildSettings = {
				ASSETCATALOG_COMPILER_APPICON_NAME = AppIcon;
				ASSETCATALOG_COMPILER_GLOBAL_ACCENT_COLOR_NAME = AccentColor;
				CODE_SIGN_STYLE = Automatic;
				CURRENT_PROJECT_VERSION = 1;
				DEVELOPMENT_ASSET_PATHS = "\"RPS/Preview Content\"";
				ENABLE_PREVIEWS = YES;
				GENERATE_INFOPLIST_FILE = YES;
				INFOPLIST_KEY_UIApplicationSceneManifest_Generation = YES;
				INFOPLIST_KEY_UIApplicationSupportsIndirectInputEvents = YES;
				INFOPLIST_KEY_UILaunchScreen_Generation = YES;
				INFOPLIST_KEY_UISupportedInterfaceOrientations_iPad = "UIInterfaceOrientationPortrait UIInterfaceOrientationPortraitUpsideDown UIInterfaceOrientationLandscapeLeft UIInterfaceOrientationLandscapeRight";
				INFOPLIST_KEY_UISupportedInterfaceOrientations_iPhone = "UIInterfaceOrientationPortrait UIInterfaceOrientationLandscapeLeft UIInterfaceOrientationLandscapeRight";
				LD_RUNPATH_SEARCH_PATHS = (
					"$(inherited)",
					"@executable_path/Frameworks",
				);
				MARKETING_VERSION = 1.0;
				PRODUCT_BUNDLE_IDENTIFIER = com.h.RPS;
				PRODUCT_NAME = "$(TARGET_NAME)";
				SWIFT_EMIT_LOC_STRINGS = YES;
				SWIFT_VERSION = 5.0;
				TARGETED_DEVICE_FAMILY = "1,2";
			};
			name = Release;
		};
		2D569E152CDC8BE900ED8025 /* Debug */ = {
			isa = XCBuildConfiguration;
			buildSettings = {
				ALWAYS_EMBED_SWIFT_STANDARD_LIBRARIES = YES;
				BUNDLE_LOADER = "$(TEST_HOST)";
				CODE_SIGN_STYLE = Automatic;
				CURRENT_PROJECT_VERSION = 1;
				GENERATE_INFOPLIST_FILE = YES;
				IPHONEOS_DEPLOYMENT_TARGET = 17.2;
				MARKETING_VERSION = 1.0;
				PRODUCT_BUNDLE_IDENTIFIER = com.h.RPSTests;
				PRODUCT_NAME = "$(TARGET_NAME)";
				SWIFT_EMIT_LOC_STRINGS = NO;
				SWIFT_VERSION = 5.0;
				TARGETED_DEVICE_FAMILY = "1,2";
				TEST_HOST = "$(BUILT_PRODUCTS_DIR)/RPS.app/$(BUNDLE_EXECUTABLE_FOLDER_PATH)/RPS";
			};
			name = Debug;
		};
		2D569E162CDC8BE900ED8025 /* Release */ = {
			isa = XCBuildConfiguration;
			buildSettings = {
				ALWAYS_EMBED_SWIFT_STANDARD_LIBRARIES = YES;
				BUNDLE_LOADER = "$(TEST_HOST)";
				CODE_SIGN_STYLE = Automatic;
				CURRENT_PROJECT_VERSION = 1;
				GENERATE_INFOPLIST_FILE = YES;
				IPHONEOS_DEPLOYMENT_TARGET = 17.2;
				MARKETING_VERSION = 1.0;
				PRODUCT_BUNDLE_IDENTIFIER = com.h.RPSTests;
				PRODUCT_NAME = "$(TARGET_NAME)";
				SWIFT_EMIT_LOC_STRINGS = NO;
				SWIFT_VERSION = 5.0;
				TARGETED_DEVICE_FAMILY = "1,2";
				TEST_HOST = "$(BUILT_PRODUCTS_DIR)/RPS.app/$(BUNDLE_EXECUTABLE_FOLDER_PATH)/RPS";
			};
			name = Release;
		};
		2D569E182CDC8BE900ED8025 /* Debug */ = {
			isa = XCBuildConfiguration;
			buildSettings = {
				ALWAYS_EMBED_SWIFT_STANDARD_LIBRARIES = YES;
				CODE_SIGN_STYLE = Automatic;
				CURRENT_PROJECT_VERSION = 1;
				GENERATE_INFOPLIST_FILE = YES;
				MARKETING_VERSION = 1.0;
				PRODUCT_BUNDLE_IDENTIFIER = com.h.RPSUITests;
				PRODUCT_NAME = "$(TARGET_NAME)";
				SWIFT_EMIT_LOC_STRINGS = NO;
				SWIFT_VERSION = 5.0;
				TARGETED_DEVICE_FAMILY = "1,2";
				TEST_TARGET_NAME = RPS;
			};
			name = Debug;
		};
		2D569E192CDC8BE900ED8025 /* Release */ = {
			isa = XCBuildConfiguration;
			buildSettings = {
				ALWAYS_EMBED_SWIFT_STANDARD_LIBRARIES = YES;
				CODE_SIGN_STYLE = Automatic;
				CURRENT_PROJECT_VERSION = 1;
				GENERATE_INFOPLIST_FILE = YES;
				MARKETING_VERSION = 1.0;
				PRODUCT_BUNDLE_IDENTIFIER = com.h.RPSUITests;
				PRODUCT_NAME = "$(TARGET_NAME)";
				SWIFT_EMIT_LOC_STRINGS = NO;
				SWIFT_VERSION = 5.0;
				TARGETED_DEVICE_FAMILY = "1,2";
				TEST_TARGET_NAME = RPS;
			};
			name = Release;
		};
/* End XCBuildConfiguration section */

/* Begin XCConfigurationList section */
		2D569DE82CDC8BE600ED8025 /* Build configuration list for PBXProject "RPS" */ = {
			isa = XCConfigurationList;
			buildConfigurations = (
				2D569E0F2CDC8BE900ED8025 /* Debug */,
				2D569E102CDC8BE900ED8025 /* Release */,
			);
			defaultConfigurationIsVisible = 0;
			defaultConfigurationName = Release;
		};
		2D569E112CDC8BE900ED8025 /* Build configuration list for PBXNativeTarget "RPS" */ = {
			isa = XCConfigurationList;
			buildConfigurations = (
				2D569E122CDC8BE900ED8025 /* Debug */,
				2D569E132CDC8BE900ED8025 /* Release */,
			);
			defaultConfigurationIsVisible = 0;
			defaultConfigurationName = Release;
		};
		2D569E142CDC8BE900ED8025 /* Build configuration list for PBXNativeTarget "RPSTests" */ = {
			isa = XCConfigurationList;
			buildConfigurations = (
				2D569E152CDC8BE900ED8025 /* Debug */,
				2D569E162CDC8BE900ED8025 /* Release */,
			);
			defaultConfigurationIsVisible = 0;
			defaultConfigurationName = Release;
		};
		2D569E172CDC8BE900ED8025 /* Build configuration list for PBXNativeTarget "RPSUITests" */ = {
			isa = XCConfigurationList;
			buildConfigurations = (
				2D569E182CDC8BE900ED8025 /* Debug */,
				2D569E192CDC8BE900ED8025 /* Release */,
			);
			defaultConfigurationIsVisible = 0;
			defaultConfigurationName = Release;
		};
/* End XCConfigurationList section */
	};
	rootObject = 2D569DE52CDC8BE600ED8025 /* Project object */;
}
